// !$*UTF8*$!
{
	archiveVersion = 1;
	classes = {
	};
	objectVersion = 77;
	objects = {

/* Begin PBXContainerItemProxy section */
		84DCDAC02CB85D6C00D43E71 /* PBXContainerItemProxy */ = {
			isa = PBXContainerItemProxy;
			containerPortal = 84DCDAA72CB85D6900D43E71 /* Project object */;
			proxyType = 1;
			remoteGlobalIDString = 84DCDAAE2CB85D6900D43E71;
			remoteInfo = W_T;
		};
		84DCDACA2CB85D6C00D43E71 /* PBXContainerItemProxy */ = {
			isa = PBXContainerItemProxy;
			containerPortal = 84DCDAA72CB85D6900D43E71 /* Project object */;
			proxyType = 1;
			remoteGlobalIDString = 84DCDAAE2CB85D6900D43E71;
			remoteInfo = W_T;
		};
/* End PBXContainerItemProxy section */

/* Begin PBXFileReference section */
		84DCDAAF2CB85D6900D43E71 /* W_T.app */ = {isa = PBXFileReference; explicitFileType = wrapper.application; includeInIndex = 0; path = W_T.app; sourceTree = BUILT_PRODUCTS_DIR; };
		84DCDABF2CB85D6C00D43E71 /* W_TTests.xctest */ = {isa = PBXFileReference; explicitFileType = wrapper.cfbundle; includeInIndex = 0; path = W_TTests.xctest; sourceTree = BUILT_PRODUCTS_DIR; };
		84DCDAC92CB85D6C00D43E71 /* W_TUITests.xctest */ = {isa = PBXFileReference; explicitFileType = wrapper.cfbundle; includeInIndex = 0; path = W_TUITests.xctest; sourceTree = BUILT_PRODUCTS_DIR; };
/* End PBXFileReference section */

/* Begin PBXFileSystemSynchronizedRootGroup section */
		84DCDAB12CB85D6900D43E71 /* W_T */ = {
			isa = PBXFileSystemSynchronizedRootGroup;
			path = W_T;
			sourceTree = "<group>";
		};
		84DCDAC22CB85D6C00D43E71 /* W_TTests */ = {
			isa = PBXFileSystemSynchronizedRootGroup;
			path = W_TTests;
			sourceTree = "<group>";
		};
		84DCDACC2CB85D6C00D43E71 /* W_TUITests */ = {
			isa = PBXFileSystemSynchronizedRootGroup;
			path = W_TUITests;
			sourceTree = "<group>";
		};
/* End PBXFileSystemSynchronizedRootGroup section */

/* Begin PBXFrameworksBuildPhase section */
		84DCDAAC2CB85D6900D43E71 /* Frameworks */ = {
			isa = PBXFrameworksBuildPhase;
			buildActionMask = 2147483647;
			files = (
			);
			runOnlyForDeploymentPostprocessing = 0;
		};
		84DCDABC2CB85D6C00D43E71 /* Frameworks */ = {
			isa = PBXFrameworksBuildPhase;
			buildActionMask = 2147483647;
			files = (
			);
			runOnlyForDeploymentPostprocessing = 0;
		};
		84DCDAC62CB85D6C00D43E71 /* Frameworks */ = {
			isa = PBXFrameworksBuildPhase;
			buildActionMask = 2147483647;
			files = (
			);
			runOnlyForDeploymentPostprocessing = 0;
		};
/* End PBXFrameworksBuildPhase section */

/* Begin PBXGroup section */
		84DCDAA62CB85D6900D43E71 = {
			isa = PBXGroup;
			children = (
				84DCDAB12CB85D6900D43E71 /* W_T */,
				84DCDAC22CB85D6C00D43E71 /* W_TTests */,
				84DCDACC2CB85D6C00D43E71 /* W_TUITests */,
				84DCDAB02CB85D6900D43E71 /* Products */,
			);
			sourceTree = "<group>";
		};
		84DCDAB02CB85D6900D43E71 /* Products */ = {
			isa = PBXGroup;
			children = (
				84DCDAAF2CB85D6900D43E71 /* W_T.app */,
				84DCDABF2CB85D6C00D43E71 /* W_TTests.xctest */,
				84DCDAC92CB85D6C00D43E71 /* W_TUITests.xctest */,
			);
			name = Products;
			sourceTree = "<group>";
		};
/* End PBXGroup section */

/* Begin PBXNativeTarget section */
		84DCDAAE2CB85D6900D43E71 /* W_T */ = {
			isa = PBXNativeTarget;
			buildConfigurationList = 84DCDAD32CB85D6C00D43E71 /* Build configuration list for PBXNativeTarget "W_T" */;
			buildPhases = (
				84DCDAAB2CB85D6900D43E71 /* Sources */,
				84DCDAAC2CB85D6900D43E71 /* Frameworks */,
				84DCDAAD2CB85D6900D43E71 /* Resources */,
			);
			buildRules = (
			);
			dependencies = (
			);
			fileSystemSynchronizedGroups = (
				84DCDAB12CB85D6900D43E71 /* W_T */,
			);
			name = W_T;
			packageProductDependencies = (
			);
			productName = W_T;
			productReference = 84DCDAAF2CB85D6900D43E71 /* W_T.app */;
			productType = "com.apple.product-type.application";
		};
		84DCDABE2CB85D6C00D43E71 /* W_TTests */ = {
			isa = PBXNativeTarget;
			buildConfigurationList = 84DCDAD62CB85D6C00D43E71 /* Build configuration list for PBXNativeTarget "W_TTests" */;
			buildPhases = (
				84DCDABB2CB85D6C00D43E71 /* Sources */,
				84DCDABC2CB85D6C00D43E71 /* Frameworks */,
				84DCDABD2CB85D6C00D43E71 /* Resources */,
			);
			buildRules = (
			);
			dependencies = (
				84DCDAC12CB85D6C00D43E71 /* PBXTargetDependency */,
			);
			fileSystemSynchronizedGroups = (
				84DCDAC22CB85D6C00D43E71 /* W_TTests */,
			);
			name = W_TTests;
			packageProductDependencies = (
			);
			productName = W_TTests;
			productReference = 84DCDABF2CB85D6C00D43E71 /* W_TTests.xctest */;
			productType = "com.apple.product-type.bundle.unit-test";
		};
		84DCDAC82CB85D6C00D43E71 /* W_TUITests */ = {
			isa = PBXNativeTarget;
			buildConfigurationList = 84DCDAD92CB85D6C00D43E71 /* Build configuration list for PBXNativeTarget "W_TUITests" */;
			buildPhases = (
				84DCDAC52CB85D6C00D43E71 /* Sources */,
				84DCDAC62CB85D6C00D43E71 /* Frameworks */,
				84DCDAC72CB85D6C00D43E71 /* Resources */,
			);
			buildRules = (
			);
			dependencies = (
				84DCDACB2CB85D6C00D43E71 /* PBXTargetDependency */,
			);
			fileSystemSynchronizedGroups = (
				84DCDACC2CB85D6C00D43E71 /* W_TUITests */,
			);
			name = W_TUITests;
			packageProductDependencies = (
			);
			productName = W_TUITests;
			productReference = 84DCDAC92CB85D6C00D43E71 /* W_TUITests.xctest */;
			productType = "com.apple.product-type.bundle.ui-testing";
		};
/* End PBXNativeTarget section */

/* Begin PBXProject section */
		84DCDAA72CB85D6900D43E71 /* Project object */ = {
			isa = PBXProject;
			attributes = {
				BuildIndependentTargetsInParallel = 1;
				LastSwiftUpdateCheck = 1600;
				LastUpgradeCheck = 1600;
				TargetAttributes = {
					84DCDAAE2CB85D6900D43E71 = {
						CreatedOnToolsVersion = 16.0;
					};
					84DCDABE2CB85D6C00D43E71 = {
						CreatedOnToolsVersion = 16.0;
						TestTargetID = 84DCDAAE2CB85D6900D43E71;
					};
					84DCDAC82CB85D6C00D43E71 = {
						CreatedOnToolsVersion = 16.0;
						TestTargetID = 84DCDAAE2CB85D6900D43E71;
					};
				};
			};
			buildConfigurationList = 84DCDAAA2CB85D6900D43E71 /* Build configuration list for PBXProject "W_T" */;
			developmentRegion = en;
			hasScannedForEncodings = 0;
			knownRegions = (
				en,
				Base,
			);
			mainGroup = 84DCDAA62CB85D6900D43E71;
			minimizedProjectReferenceProxies = 1;
			preferredProjectObjectVersion = 77;
			productRefGroup = 84DCDAB02CB85D6900D43E71 /* Products */;
			projectDirPath = "";
			projectRoot = "";
			targets = (
				84DCDAAE2CB85D6900D43E71 /* W_T */,
				84DCDABE2CB85D6C00D43E71 /* W_TTests */,
				84DCDAC82CB85D6C00D43E71 /* W_TUITests */,
			);
		};
/* End PBXProject section */

/* Begin PBXResourcesBuildPhase section */
		84DCDAAD2CB85D6900D43E71 /* Resources */ = {
			isa = PBXResourcesBuildPhase;
			buildActionMask = 2147483647;
			files = (
			);
			runOnlyForDeploymentPostprocessing = 0;
		};
		84DCDABD2CB85D6C00D43E71 /* Resources */ = {
			isa = PBXResourcesBuildPhase;
			buildActionMask = 2147483647;
			files = (
			);
			runOnlyForDeploymentPostprocessing = 0;
		};
		84DCDAC72CB85D6C00D43E71 /* Resources */ = {
			isa = PBXResourcesBuildPhase;
			buildActionMask = 2147483647;
			files = (
			);
			runOnlyForDeploymentPostprocessing = 0;
		};
/* End PBXResourcesBuildPhase section */

/* Begin PBXSourcesBuildPhase section */
		84DCDAAB2CB85D6900D43E71 /* Sources */ = {
			isa = PBXSourcesBuildPhase;
			buildActionMask = 2147483647;
			files = (
			);
			runOnlyForDeploymentPostprocessing = 0;
		};
		84DCDABB2CB85D6C00D43E71 /* Sources */ = {
			isa = PBXSourcesBuildPhase;
			buildActionMask = 2147483647;
			files = (
			);
			runOnlyForDeploymentPostprocessing = 0;
		};
		84DCDAC52CB85D6C00D43E71 /* Sources */ = {
			isa = PBXSourcesBuildPhase;
			buildActionMask = 2147483647;
			files = (
			);
			runOnlyForDeploymentPostprocessing = 0;
		};
/* End PBXSourcesBuildPhase section */

/* Begin PBXTargetDependency section */
		84DCDAC12CB85D6C00D43E71 /* PBXTargetDependency */ = {
			isa = PBXTargetDependency;
			target = 84DCDAAE2CB85D6900D43E71 /* W_T */;
			targetProxy = 84DCDAC02CB85D6C00D43E71 /* PBXContainerItemProxy */;
		};
		84DCDACB2CB85D6C00D43E71 /* PBXTargetDependency */ = {
			isa = PBXTargetDependency;
			target = 84DCDAAE2CB85D6900D43E71 /* W_T */;
			targetProxy = 84DCDACA2CB85D6C00D43E71 /* PBXContainerItemProxy */;
		};
/* End PBXTargetDependency section */

/* Begin XCBuildConfiguration section */
		84DCDAD12CB85D6C00D43E71 /* Debug */ = {
			isa = XCBuildConfiguration;
			buildSettings = {
				ALWAYS_SEARCH_USER_PATHS = NO;
				ASSETCATALOG_COMPILER_GENERATE_SWIFT_ASSET_SYMBOL_EXTENSIONS = YES;
				CLANG_ANALYZER_NONNULL = YES;
				CLANG_ANALYZER_NUMBER_OBJECT_CONVERSION = YES_AGGRESSIVE;
				CLANG_CXX_LANGUAGE_STANDARD = "gnu++20";
				CLANG_ENABLE_MODULES = YES;
				CLANG_ENABLE_OBJC_ARC = YES;
				CLANG_ENABLE_OBJC_WEAK = YES;
				CLANG_WARN_BLOCK_CAPTURE_AUTORELEASING = YES;
				CLANG_WARN_BOOL_CONVERSION = YES;
				CLANG_WARN_COMMA = YES;
				CLANG_WARN_CONSTANT_CONVERSION = YES;
				CLANG_WARN_DEPRECATED_OBJC_IMPLEMENTATIONS = YES;
				CLANG_WARN_DIRECT_OBJC_ISA_USAGE = YES_ERROR;
				CLANG_WARN_DOCUMENTATION_COMMENTS = YES;
				CLANG_WARN_EMPTY_BODY = YES;
				CLANG_WARN_ENUM_CONVERSION = YES;
				CLANG_WARN_INFINITE_RECURSION = YES;
				CLANG_WARN_INT_CONVERSION = YES;
				CLANG_WARN_NON_LITERAL_NULL_CONVERSION = YES;
				CLANG_WARN_OBJC_IMPLICIT_RETAIN_SELF = YES;
				CLANG_WARN_OBJC_LITERAL_CONVERSION = YES;
				CLANG_WARN_OBJC_ROOT_CLASS = YES_ERROR;
				CLANG_WARN_QUOTED_INCLUDE_IN_FRAMEWORK_HEADER = YES;
				CLANG_WARN_RANGE_LOOP_ANALYSIS = YES;
				CLANG_WARN_STRICT_PROTOTYPES = YES;
				CLANG_WARN_SUSPICIOUS_MOVE = YES;
				CLANG_WARN_UNGUARDED_AVAILABILITY = YES_AGGRESSIVE;
				CLANG_WARN_UNREACHABLE_CODE = YES;
				CLANG_WARN__DUPLICATE_METHOD_MATCH = YES;
				COPY_PHASE_STRIP = NO;
				DEBUG_INFORMATION_FORMAT = dwarf;
				ENABLE_STRICT_OBJC_MSGSEND = YES;
				ENABLE_TESTABILITY = YES;
				ENABLE_USER_SCRIPT_SANDBOXING = YES;
				GCC_C_LANGUAGE_STANDARD = gnu17;
				GCC_DYNAMIC_NO_PIC = NO;
				GCC_NO_COMMON_BLOCKS = YES;
				GCC_OPTIMIZATION_LEVEL = 0;
				GCC_PREPROCESSOR_DEFINITIONS = (
					"DEBUG=1",
					"$(inherited)",
				);
				GCC_WARN_64_TO_32_BIT_CONVERSION = YES;
				GCC_WARN_ABOUT_RETURN_TYPE = YES_ERROR;
				GCC_WARN_UNDECLARED_SELECTOR = YES;
				GCC_WARN_UNINITIALIZED_AUTOS = YES_AGGRESSIVE;
				GCC_WARN_UNUSED_FUNCTION = YES;
				GCC_WARN_UNUSED_VARIABLE = YES;
				IPHONEOS_DEPLOYMENT_TARGET = 18.0;
				LOCALIZATION_PREFERS_STRING_CATALOGS = YES;
				MTL_ENABLE_DEBUG_INFO = INCLUDE_SOURCE;
				MTL_FAST_MATH = YES;
				ONLY_ACTIVE_ARCH = YES;
				SDKROOT = iphoneos;
				SWIFT_ACTIVE_COMPILATION_CONDITIONS = "DEBUG $(inherited)";
				SWIFT_OPTIMIZATION_LEVEL = "-Onone";
			};
			name = Debug;
		};
		84DCDAD22CB85D6C00D43E71 /* Release */ = {
			isa = XCBuildConfiguration;
			buildSettings = {
				ALWAYS_SEARCH_USER_PATHS = NO;
				ASSETCATALOG_COMPILER_GENERATE_SWIFT_ASSET_SYMBOL_EXTENSIONS = YES;
				CLANG_ANALYZER_NONNULL = YES;
				CLANG_ANALYZER_NUMBER_OBJECT_CONVERSION = YES_AGGRESSIVE;
				CLANG_CXX_LANGUAGE_STANDARD = "gnu++20";
				CLANG_ENABLE_MODULES = YES;
				CLANG_ENABLE_OBJC_ARC = YES;
				CLANG_ENABLE_OBJC_WEAK = YES;
				CLANG_WARN_BLOCK_CAPTURE_AUTORELEASING = YES;
				CLANG_WARN_BOOL_CONVERSION = YES;
				CLANG_WARN_COMMA = YES;
				CLANG_WARN_CONSTANT_CONVERSION = YES;
				CLANG_WARN_DEPRECATED_OBJC_IMPLEMENTATIONS = YES;
				CLANG_WARN_DIRECT_OBJC_ISA_USAGE = YES_ERROR;
				CLANG_WARN_DOCUMENTATION_COMMENTS = YES;
				CLANG_WARN_EMPTY_BODY = YES;
				CLANG_WARN_ENUM_CONVERSION = YES;
				CLANG_WARN_INFINITE_RECURSION = YES;
				CLANG_WARN_INT_CONVERSION = YES;
				CLANG_WARN_NON_LITERAL_NULL_CONVERSION = YES;
				CLANG_WARN_OBJC_IMPLICIT_RETAIN_SELF = YES;
				CLANG_WARN_OBJC_LITERAL_CONVERSION = YES;
				CLANG_WARN_OBJC_ROOT_CLASS = YES_ERROR;
				CLANG_WARN_QUOTED_INCLUDE_IN_FRAMEWORK_HEADER = YES;
				CLANG_WARN_RANGE_LOOP_ANALYSIS = YES;
				CLANG_WARN_STRICT_PROTOTYPES = YES;
				CLANG_WARN_SUSPICIOUS_MOVE = YES;
				CLANG_WARN_UNGUARDED_AVAILABILITY = YES_AGGRESSIVE;
				CLANG_WARN_UNREACHABLE_CODE = YES;
				CLANG_WARN__DUPLICATE_METHOD_MATCH = YES;
				COPY_PHASE_STRIP = NO;
				DEBUG_INFORMATION_FORMAT = "dwarf-with-dsym";
				ENABLE_NS_ASSERTIONS = NO;
				ENABLE_STRICT_OBJC_MSGSEND = YES;
				ENABLE_USER_SCRIPT_SANDBOXING = YES;
				GCC_C_LANGUAGE_STANDARD = gnu17;
				GCC_NO_COMMON_BLOCKS = YES;
				GCC_WARN_64_TO_32_BIT_CONVERSION = YES;
				GCC_WARN_ABOUT_RETURN_TYPE = YES_ERROR;
				GCC_WARN_UNDECLARED_SELECTOR = YES;
				GCC_WARN_UNINITIALIZED_AUTOS = YES_AGGRESSIVE;
				GCC_WARN_UNUSED_FUNCTION = YES;
				GCC_WARN_UNUSED_VARIABLE = YES;
				IPHONEOS_DEPLOYMENT_TARGET = 18.0;
				LOCALIZATION_PREFERS_STRING_CATALOGS = YES;
				MTL_ENABLE_DEBUG_INFO = NO;
				MTL_FAST_MATH = YES;
				SDKROOT = iphoneos;
				SWIFT_COMPILATION_MODE = wholemodule;
				VALIDATE_PRODUCT = YES;
			};
			name = Release;
		};
		84DCDAD42CB85D6C00D43E71 /* Debug */ = {
			isa = XCBuildConfiguration;
			buildSettings = {
				ASSETCATALOG_COMPILER_APPICON_NAME = AppIcon;
				ASSETCATALOG_COMPILER_GLOBAL_ACCENT_COLOR_NAME = AccentColor;
				CODE_SIGN_STYLE = Automatic;
				CURRENT_PROJECT_VERSION = 1;
				DEVELOPMENT_ASSET_PATHS = "\"W_T/Preview Content\"";
				ENABLE_PREVIEWS = YES;
				GENERATE_INFOPLIST_FILE = YES;
				INFOPLIST_FILE = "W-T-Info.plist";
				INFOPLIST_KEY_UIApplicationSupportsIndirectInputEvents = YES;
				INFOPLIST_KEY_UILaunchScreen_Generation = YES;
				INFOPLIST_KEY_UISupportedInterfaceOrientations_iPad = "UIInterfaceOrientationPortrait UIInterfaceOrientationPortraitUpsideDown UIInterfaceOrientationLandscapeLeft UIInterfaceOrientationLandscapeRight";
				INFOPLIST_KEY_UISupportedInterfaceOrientations_iPhone = "UIInterfaceOrientationPortrait UIInterfaceOrientationLandscapeLeft UIInterfaceOrientationLandscapeRight";
				LD_RUNPATH_SEARCH_PATHS = (
					"$(inherited)",
					"@executable_path/Frameworks",
				);
				MARKETING_VERSION = 1.0;
				PRODUCT_BUNDLE_IDENTIFIER = "xyz.W-T";
				PRODUCT_NAME = "$(TARGET_NAME)";
				SWIFT_EMIT_LOC_STRINGS = YES;
				SWIFT_VERSION = 5.0;
				TARGETED_DEVICE_FAMILY = "1,2";
			};
			name = Debug;
		};
		84DCDAD52CB85D6C00D43E71 /* Release */ = {
			isa = XCBuildConfiguration;
			buildSettings = {
				ASSETCATALOG_COMPILER_APPICON_NAME = AppIcon;
				ASSETCATALOG_COMPILER_GLOBAL_ACCENT_COLOR_NAME = AccentColor;
				CODE_SIGN_STYLE = Automatic;
				CURRENT_PROJECT_VERSION = 1;
				DEVELOPMENT_ASSET_PATHS = "\"W_T/Preview Content\"";
				ENABLE_PREVIEWS = YES;
				GENERATE_INFOPLIST_FILE = YES;
				INFOPLIST_FILE = "W-T-Info.plist";
				INFOPLIST_KEY_UIApplicationSupportsIndirectInputEvents = YES;
				INFOPLIST_KEY_UILaunchScreen_Generation = YES;
				INFOPLIST_KEY_UISupportedInterfaceOrientations_iPad = "UIInterfaceOrientationPortrait UIInterfaceOrientationPortraitUpsideDown UIInterfaceOrientationLandscapeLeft UIInterfaceOrientationLandscapeRight";
				INFOPLIST_KEY_UISupportedInterfaceOrientations_iPhone = "UIInterfaceOrientationPortrait UIInterfaceOrientationLandscapeLeft UIInterfaceOrientationLandscapeRight";
				LD_RUNPATH_SEARCH_PATHS = (
					"$(inherited)",
					"@executable_path/Frameworks",
				);
				MARKETING_VERSION = 1.0;
				PRODUCT_BUNDLE_IDENTIFIER = "xyz.W-T";
				PRODUCT_NAME = "$(TARGET_NAME)";
				SWIFT_EMIT_LOC_STRINGS = YES;
				SWIFT_VERSION = 5.0;
				TARGETED_DEVICE_FAMILY = "1,2";
			};
			name = Release;
		};
		84DCDAD72CB85D6C00D43E71 /* Debug */ = {
			isa = XCBuildConfiguration;
			buildSettings = {
				BUNDLE_LOADER = "$(TEST_HOST)";
				CODE_SIGN_STYLE = Automatic;
				CURRENT_PROJECT_VERSION = 1;
				GENERATE_INFOPLIST_FILE = YES;
				IPHONEOS_DEPLOYMENT_TARGET = 18.0;
				MARKETING_VERSION = 1.0;
				PRODUCT_BUNDLE_IDENTIFIER = "xyz.W-TTests";
				PRODUCT_NAME = "$(TARGET_NAME)";
				SWIFT_EMIT_LOC_STRINGS = NO;
				SWIFT_VERSION = 5.0;
				TARGETED_DEVICE_FAMILY = "1,2";
				TEST_HOST = "$(BUILT_PRODUCTS_DIR)/W_T.app/$(BUNDLE_EXECUTABLE_FOLDER_PATH)/W_T";
			};
			name = Debug;
		};
		84DCDAD82CB85D6C00D43E71 /* Release */ = {
			isa = XCBuildConfiguration;
			buildSettings = {
				BUNDLE_LOADER = "$(TEST_HOST)";
				CODE_SIGN_STYLE = Automatic;
				CURRENT_PROJECT_VERSION = 1;
				GENERATE_INFOPLIST_FILE = YES;
				IPHONEOS_DEPLOYMENT_TARGET = 18.0;
				MARKETING_VERSION = 1.0;
				PRODUCT_BUNDLE_IDENTIFIER = "xyz.W-TTests";
				PRODUCT_NAME = "$(TARGET_NAME)";
				SWIFT_EMIT_LOC_STRINGS = NO;
				SWIFT_VERSION = 5.0;
				TARGETED_DEVICE_FAMILY = "1,2";
				TEST_HOST = "$(BUILT_PRODUCTS_DIR)/W_T.app/$(BUNDLE_EXECUTABLE_FOLDER_PATH)/W_T";
			};
			name = Release;
		};
		84DCDADA2CB85D6C00D43E71 /* Debug */ = {
			isa = XCBuildConfiguration;
			buildSettings = {
				CODE_SIGN_STYLE = Automatic;
				CURRENT_PROJECT_VERSION = 1;
				GENERATE_INFOPLIST_FILE = YES;
				MARKETING_VERSION = 1.0;
				PRODUCT_BUNDLE_IDENTIFIER = "xyz.W-TUITests";
				PRODUCT_NAME = "$(TARGET_NAME)";
				SWIFT_EMIT_LOC_STRINGS = NO;
				SWIFT_VERSION = 5.0;
				TARGETED_DEVICE_FAMILY = "1,2";
				TEST_TARGET_NAME = W_T;
			};
			name = Debug;
		};
		84DCDADB2CB85D6C00D43E71 /* Release */ = {
			isa = XCBuildConfiguration;
			buildSettings = {
				CODE_SIGN_STYLE = Automatic;
				CURRENT_PROJECT_VERSION = 1;
				GENERATE_INFOPLIST_FILE = YES;
				MARKETING_VERSION = 1.0;
				PRODUCT_BUNDLE_IDENTIFIER = "xyz.W-TUITests";
				PRODUCT_NAME = "$(TARGET_NAME)";
				SWIFT_EMIT_LOC_STRINGS = NO;
				SWIFT_VERSION = 5.0;
				TARGETED_DEVICE_FAMILY = "1,2";
				TEST_TARGET_NAME = W_T;
			};
			name = Release;
		};
/* End XCBuildConfiguration section */

/* Begin XCConfigurationList section */
		84DCDAAA2CB85D6900D43E71 /* Build configuration list for PBXProject "W_T" */ = {
			isa = XCConfigurationList;
			buildConfigurations = (
				84DCDAD12CB85D6C00D43E71 /* Debug */,
				84DCDAD22CB85D6C00D43E71 /* Release */,
			);
			defaultConfigurationIsVisible = 0;
			defaultConfigurationName = Release;
		};
		84DCDAD32CB85D6C00D43E71 /* Build configuration list for PBXNativeTarget "W_T" */ = {
			isa = XCConfigurationList;
			buildConfigurations = (
				84DCDAD42CB85D6C00D43E71 /* Debug */,
				84DCDAD52CB85D6C00D43E71 /* Release */,
			);
			defaultConfigurationIsVisible = 0;
			defaultConfigurationName = Release;
		};
		84DCDAD62CB85D6C00D43E71 /* Build configuration list for PBXNativeTarget "W_TTests" */ = {
			isa = XCConfigurationList;
			buildConfigurations = (
				84DCDAD72CB85D6C00D43E71 /* Debug */,
				84DCDAD82CB85D6C00D43E71 /* Release */,
			);
			defaultConfigurationIsVisible = 0;
			defaultConfigurationName = Release;
		};
		84DCDAD92CB85D6C00D43E71 /* Build configuration list for PBXNativeTarget "W_TUITests" */ = {
			isa = XCConfigurationList;
			buildConfigurations = (
				84DCDADA2CB85D6C00D43E71 /* Debug */,
				84DCDADB2CB85D6C00D43E71 /* Release */,
			);
			defaultConfigurationIsVisible = 0;
			defaultConfigurationName = Release;
		};
/* End XCConfigurationList section */
	};
	rootObject = 84DCDAA72CB85D6900D43E71 /* Project object */;
}
